
Microsoft Visual Studio Solution File, Format Version 12.00
# Visual Studio Version 16
VisualStudioVersion = 16.0.31727.386
MinimumVisualStudioVersion = 10.0.40219.1
Project("{8BC9CEB8-8B4A-11D0-8D11-00A0C91BC942}") = "project2_p2", "project2_p2\project2_p2.vcxproj", "{D44E8A33-E70D-41C8-854E-012B1A0670B5}"
EndProject
Global
	GlobalSection(SolutionConfigurationPlatforms) = preSolution
		Debug|x64 = Debug|x64
		Debug|x86 = Debug|x86
		Release|x64 = Release|x64
		Release|x86 = Release|x86
	EndGlobalSection
	GlobalSection(ProjectConfigurationPlatforms) = postSolution
		{D44E8A33-E70D-41C8-854E-012B1A0670B5}.Debug|x64.ActiveCfg = Debug|x64
		{D44E8A33-E70D-41C8-854E-012B1A0670B5}.Debug|x64.Build.0 = Debug|x64
		{D44E8A33-E70D-41C8-854E-012B1A0670B5}.Debug|x86.ActiveCfg = Debug|Win32
		{D44E8A33-E70D-41C8-854E-012B1A0670B5}.Debug|x86.Build.0 = Debug|Win32
		{D44E8A33-E70D-41C8-854E-012B1A0670B5}.Release|x64.ActiveCfg = Release|x64
		{D44E8A33-E70D-41C8-854E-012B1A0670B5}.Release|x64.Build.0 = Release|x64
		{D44E8A33-E70D-41C8-854E-012B1A0670B5}.Release|x86.ActiveCfg = Release|Win32
		{D44E8A33-E70D-41C8-854E-012B1A0670B5}.Release|x86.Build.0 = Release|Win32
	EndGlobalSection
	GlobalSection(SolutionProperties) = preSolution
		HideSolutionNode = FALSE
	EndGlobalSection
	GlobalSection(ExtensibilityGlobals) = postSolution
		SolutionGuid = {176A1D9E-9E94-4536-83C4-C0AD5C04F132}
	EndGlobalSection
EndGlobal
